// !$*UTF8*$!
{
	archiveVersion = 1;
	classes = {
	};
	objectVersion = 56;
	objects = {

/* Begin PBXBuildFile section */
		61BB64482CDE796900BA0BC5 /* iPhoneLanApp.swift in Sources */ = {isa = PBXBuildFile; fileRef = 61BB64472CDE796900BA0BC5 /* iPhoneLanApp.swift */; };
		61BB644A2CDE796900BA0BC5 /* ContentView.swift in Sources */ = {isa = PBXBuildFile; fileRef = 61BB64492CDE796900BA0BC5 /* ContentView.swift */; };
		61BB644C2CDE796C00BA0BC5 /* Assets.xcassets in Resources */ = {isa = PBXBuildFile; fileRef = 61BB644B2CDE796C00BA0BC5 /* Assets.xcassets */; };
		61BB644F2CDE796C00BA0BC5 /* Preview Assets.xcassets in Resources */ = {isa = PBXBuildFile; fileRef = 61BB644E2CDE796C00BA0BC5 /* Preview Assets.xcassets */; };
		61BB64592CDE914500BA0BC5 /* HotSpotView.swift in Sources */ = {isa = PBXBuildFile; fileRef = 61BB64582CDE914500BA0BC5 /* HotSpotView.swift */; };
		61BB645B2CDE92A600BA0BC5 /* HotSpotModel.swift in Sources */ = {isa = PBXBuildFile; fileRef = 61BB645A2CDE92A600BA0BC5 /* HotSpotModel.swift */; };
		61BB645D2CDE93B200BA0BC5 /* HotSpotViewModel.swift in Sources */ = {isa = PBXBuildFile; fileRef = 61BB645C2CDE93B200BA0BC5 /* HotSpotViewModel.swift */; };
/* End PBXBuildFile section */

/* Begin PBXFileReference section */
		61BB64442CDE796900BA0BC5 /* iPhoneLan.app */ = {isa = PBXFileReference; explicitFileType = wrapper.application; includeInIndex = 0; path = iPhoneLan.app; sourceTree = BUILT_PRODUCTS_DIR; };
		61BB64472CDE796900BA0BC5 /* iPhoneLanApp.swift */ = {isa = PBXFileReference; lastKnownFileType = sourcecode.swift; path = iPhoneLanApp.swift; sourceTree = "<group>"; };
		61BB64492CDE796900BA0BC5 /* ContentView.swift */ = {isa = PBXFileReference; lastKnownFileType = sourcecode.swift; path = ContentView.swift; sourceTree = "<group>"; };
		61BB644B2CDE796C00BA0BC5 /* Assets.xcassets */ = {isa = PBXFileReference; lastKnownFileType = folder.assetcatalog; path = Assets.xcassets; sourceTree = "<group>"; };
		61BB644E2CDE796C00BA0BC5 /* Preview Assets.xcassets */ = {isa = PBXFileReference; lastKnownFileType = folder.assetcatalog; path = "Preview Assets.xcassets"; sourceTree = "<group>"; };
		61BB64582CDE914500BA0BC5 /* HotSpotView.swift */ = {isa = PBXFileReference; lastKnownFileType = sourcecode.swift; path = HotSpotView.swift; sourceTree = "<group>"; };
		61BB645A2CDE92A600BA0BC5 /* HotSpotModel.swift */ = {isa = PBXFileReference; lastKnownFileType = sourcecode.swift; path = HotSpotModel.swift; sourceTree = "<group>"; };
		61BB645C2CDE93B200BA0BC5 /* HotSpotViewModel.swift */ = {isa = PBXFileReference; lastKnownFileType = sourcecode.swift; path = HotSpotViewModel.swift; sourceTree = "<group>"; };
		61BB645E2CDE99D300BA0BC5 /* iPhoneLan.entitlements */ = {isa = PBXFileReference; lastKnownFileType = text.plist.entitlements; path = iPhoneLan.entitlements; sourceTree = "<group>"; };
/* End PBXFileReference section */

/* Begin PBXFrameworksBuildPhase section */
		61BB64412CDE796900BA0BC5 /* Frameworks */ = {
			isa = PBXFrameworksBuildPhase;
			buildActionMask = 2147483647;
			files = (
			);
			runOnlyForDeploymentPostprocessing = 0;
		};
/* End PBXFrameworksBuildPhase section */

/* Begin PBXGroup section */
		61BB643B2CDE796900BA0BC5 = {
			isa = PBXGroup;
			children = (
				61BB64462CDE796900BA0BC5 /* iPhoneLan */,
				61BB64452CDE796900BA0BC5 /* Products */,
			);
			sourceTree = "<group>";
		};
		61BB64452CDE796900BA0BC5 /* Products */ = {
			isa = PBXGroup;
			children = (
				61BB64442CDE796900BA0BC5 /* iPhoneLan.app */,
			);
			name = Products;
			sourceTree = "<group>";
		};
		61BB64462CDE796900BA0BC5 /* iPhoneLan */ = {
			isa = PBXGroup;
			children = (
				61BB645E2CDE99D300BA0BC5 /* iPhoneLan.entitlements */,
				61BB64472CDE796900BA0BC5 /* iPhoneLanApp.swift */,
				61BB64562CDE90FB00BA0BC5 /* view */,
				61BB64572CDE910100BA0BC5 /* viewmodel */,
				61BB64552CDE90F400BA0BC5 /* model */,
				61BB644B2CDE796C00BA0BC5 /* Assets.xcassets */,
				61BB644D2CDE796C00BA0BC5 /* Preview Content */,
			);
			path = iPhoneLan;
			sourceTree = "<group>";
		};
		61BB644D2CDE796C00BA0BC5 /* Preview Content */ = {
			isa = PBXGroup;
			children = (
				61BB644E2CDE796C00BA0BC5 /* Preview Assets.xcassets */,
			);
			path = "Preview Content";
			sourceTree = "<group>";
		};
		61BB64552CDE90F400BA0BC5 /* model */ = {
			isa = PBXGroup;
			children = (
				61BB645A2CDE92A600BA0BC5 /* HotSpotModel.swift */,
			);
			path = model;
			sourceTree = "<group>";
		};
		61BB64562CDE90FB00BA0BC5 /* view */ = {
			isa = PBXGroup;
			children = (
				61BB64492CDE796900BA0BC5 /* ContentView.swift */,
				61BB64582CDE914500BA0BC5 /* HotSpotView.swift */,
			);
			path = view;
			sourceTree = "<group>";
		};
		61BB64572CDE910100BA0BC5 /* viewmodel */ = {
			isa = PBXGroup;
			children = (
				61BB645C2CDE93B200BA0BC5 /* HotSpotViewModel.swift */,
			);
			path = viewmodel;
			sourceTree = "<group>";
		};
/* End PBXGroup section */

/* Begin PBXNativeTarget section */
		61BB64432CDE796900BA0BC5 /* iPhoneLan */ = {
			isa = PBXNativeTarget;
			buildConfigurationList = 61BB64522CDE796C00BA0BC5 /* Build configuration list for PBXNativeTarget "iPhoneLan" */;
			buildPhases = (
				61BB64402CDE796900BA0BC5 /* Sources */,
				61BB64412CDE796900BA0BC5 /* Frameworks */,
				61BB64422CDE796900BA0BC5 /* Resources */,
			);
			buildRules = (
			);
			dependencies = (
			);
			name = iPhoneLan;
			productName = iPhoneLan;
			productReference = 61BB64442CDE796900BA0BC5 /* iPhoneLan.app */;
			productType = "com.apple.product-type.application";
		};
/* End PBXNativeTarget section */

/* Begin PBXProject section */
		61BB643C2CDE796900BA0BC5 /* Project object */ = {
			isa = PBXProject;
			attributes = {
				BuildIndependentTargetsInParallel = 1;
				LastSwiftUpdateCheck = 1520;
				LastUpgradeCheck = 1520;
				TargetAttributes = {
					61BB64432CDE796900BA0BC5 = {
						CreatedOnToolsVersion = 15.2;
					};
				};
			};
			buildConfigurationList = 61BB643F2CDE796900BA0BC5 /* Build configuration list for PBXProject "iPhoneLan" */;
			compatibilityVersion = "Xcode 14.0";
			developmentRegion = en;
			hasScannedForEncodings = 0;
			knownRegions = (
				en,
				Base,
			);
			mainGroup = 61BB643B2CDE796900BA0BC5;
			productRefGroup = 61BB64452CDE796900BA0BC5 /* Products */;
			projectDirPath = "";
			projectRoot = "";
			targets = (
				61BB64432CDE796900BA0BC5 /* iPhoneLan */,
			);
		};
/* End PBXProject section */

/* Begin PBXResourcesBuildPhase section */
		61BB64422CDE796900BA0BC5 /* Resources */ = {
			isa = PBXResourcesBuildPhase;
			buildActionMask = 2147483647;
			files = (
				61BB644F2CDE796C00BA0BC5 /* Preview Assets.xcassets in Resources */,
				61BB644C2CDE796C00BA0BC5 /* Assets.xcassets in Resources */,
			);
			runOnlyForDeploymentPostprocessing = 0;
		};
/* End PBXResourcesBuildPhase section */

/* Begin PBXSourcesBuildPhase section */
		61BB64402CDE796900BA0BC5 /* Sources */ = {
			isa = PBXSourcesBuildPhase;
			buildActionMask = 2147483647;
			files = (
				61BB644A2CDE796900BA0BC5 /* ContentView.swift in Sources */,
				61BB64482CDE796900BA0BC5 /* iPhoneLanApp.swift in Sources */,
				61BB645D2CDE93B200BA0BC5 /* HotSpotViewModel.swift in Sources */,
				61BB64592CDE914500BA0BC5 /* HotSpotView.swift in Sources */,
				61BB645B2CDE92A600BA0BC5 /* HotSpotModel.swift in Sources */,
			);
			runOnlyForDeploymentPostprocessing = 0;
		};
/* End PBXSourcesBuildPhase section */

/* Begin XCBuildConfiguration section */
		61BB64502CDE796C00BA0BC5 /* Debug */ = {
			isa = XCBuildConfiguration;
			buildSettings = {
				ALWAYS_SEARCH_USER_PATHS = NO;
				ASSETCATALOG_COMPILER_GENERATE_SWIFT_ASSET_SYMBOL_EXTENSIONS = YES;
				CLANG_ANALYZER_NONNULL = YES;
				CLANG_ANALYZER_NUMBER_OBJECT_CONVERSION = YES_AGGRESSIVE;
				CLANG_CXX_LANGUAGE_STANDARD = "gnu++20";
				CLANG_ENABLE_MODULES = YES;
				CLANG_ENABLE_OBJC_ARC = YES;
				CLANG_ENABLE_OBJC_WEAK = YES;
				CLANG_WARN_BLOCK_CAPTURE_AUTORELEASING = YES;
				CLANG_WARN_BOOL_CONVERSION = YES;
				CLANG_WARN_COMMA = YES;
				CLANG_WARN_CONSTANT_CONVERSION = YES;
				CLANG_WARN_DEPRECATED_OBJC_IMPLEMENTATIONS = YES;
				CLANG_WARN_DIRECT_OBJC_ISA_USAGE = YES_ERROR;
				CLANG_WARN_DOCUMENTATION_COMMENTS = YES;
				CLANG_WARN_EMPTY_BODY = YES;
				CLANG_WARN_ENUM_CONVERSION = YES;
				CLANG_WARN_INFINITE_RECURSION = YES;
				CLANG_WARN_INT_CONVERSION = YES;
				CLANG_WARN_NON_LITERAL_NULL_CONVERSION = YES;
				CLANG_WARN_OBJC_IMPLICIT_RETAIN_SELF = YES;
				CLANG_WARN_OBJC_LITERAL_CONVERSION = YES;
				CLANG_WARN_OBJC_ROOT_CLASS = YES_ERROR;
				CLANG_WARN_QUOTED_INCLUDE_IN_FRAMEWORK_HEADER = YES;
				CLANG_WARN_RANGE_LOOP_ANALYSIS = YES;
				CLANG_WARN_STRICT_PROTOTYPES = YES;
				CLANG_WARN_SUSPICIOUS_MOVE = YES;
				CLANG_WARN_UNGUARDED_AVAILABILITY = YES_AGGRESSIVE;
				CLANG_WARN_UNREACHABLE_CODE = YES;
				CLANG_WARN__DUPLICATE_METHOD_MATCH = YES;
				COPY_PHASE_STRIP = NO;
				DEBUG_INFORMATION_FORMAT = dwarf;
				ENABLE_STRICT_OBJC_MSGSEND = YES;
				ENABLE_TESTABILITY = YES;
				ENABLE_USER_SCRIPT_SANDBOXING = YES;
				GCC_C_LANGUAGE_STANDARD = gnu17;
				GCC_DYNAMIC_NO_PIC = NO;
				GCC_NO_COMMON_BLOCKS = YES;
				GCC_OPTIMIZATION_LEVEL = 0;
				GCC_PREPROCESSOR_DEFINITIONS = (
					"DEBUG=1",
					"$(inherited)",
				);
				GCC_WARN_64_TO_32_BIT_CONVERSION = YES;
				GCC_WARN_ABOUT_RETURN_TYPE = YES_ERROR;
				GCC_WARN_UNDECLARED_SELECTOR = YES;
				GCC_WARN_UNINITIALIZED_AUTOS = YES_AGGRESSIVE;
				GCC_WARN_UNUSED_FUNCTION = YES;
				GCC_WARN_UNUSED_VARIABLE = YES;
				IPHONEOS_DEPLOYMENT_TARGET = 17.2;
				LOCALIZATION_PREFERS_STRING_CATALOGS = YES;
				MTL_ENABLE_DEBUG_INFO = INCLUDE_SOURCE;
				MTL_FAST_MATH = YES;
				ONLY_ACTIVE_ARCH = YES;
				SDKROOT = iphoneos;
				SWIFT_ACTIVE_COMPILATION_CONDITIONS = "DEBUG $(inherited)";
				SWIFT_OPTIMIZATION_LEVEL = "-Onone";
			};
			name = Debug;
		};
		61BB64512CDE796C00BA0BC5 /* Release */ = {
			isa = XCBuildConfiguration;
			buildSettings = {
				ALWAYS_SEARCH_USER_PATHS = NO;
				ASSETCATALOG_COMPILER_GENERATE_SWIFT_ASSET_SYMBOL_EXTENSIONS = YES;
				CLANG_ANALYZER_NONNULL = YES;
				CLANG_ANALYZER_NUMBER_OBJECT_CONVERSION = YES_AGGRESSIVE;
				CLANG_CXX_LANGUAGE_STANDARD = "gnu++20";
				CLANG_ENABLE_MODULES = YES;
				CLANG_ENABLE_OBJC_ARC = YES;
				CLANG_ENABLE_OBJC_WEAK = YES;
				CLANG_WARN_BLOCK_CAPTURE_AUTORELEASING = YES;
				CLANG_WARN_BOOL_CONVERSION = YES;
				CLANG_WARN_COMMA = YES;
				CLANG_WARN_CONSTANT_CONVERSION = YES;
				CLANG_WARN_DEPRECATED_OBJC_IMPLEMENTATIONS = YES;
				CLANG_WARN_DIRECT_OBJC_ISA_USAGE = YES_ERROR;
				CLANG_WARN_DOCUMENTATION_COMMENTS = YES;
				CLANG_WARN_EMPTY_BODY = YES;
				CLANG_WARN_ENUM_CONVERSION = YES;
				CLANG_WARN_INFINITE_RECURSION = YES;
				CLANG_WARN_INT_CONVERSION = YES;
				CLANG_WARN_NON_LITERAL_NULL_CONVERSION = YES;
				CLANG_WARN_OBJC_IMPLICIT_RETAIN_SELF = YES;
				CLANG_WARN_OBJC_LITERAL_CONVERSION = YES;
				CLANG_WARN_OBJC_ROOT_CLASS = YES_ERROR;
				CLANG_WARN_QUOTED_INCLUDE_IN_FRAMEWORK_HEADER = YES;
				CLANG_WARN_RANGE_LOOP_ANALYSIS = YES;
				CLANG_WARN_STRICT_PROTOTYPES = YES;
				CLANG_WARN_SUSPICIOUS_MOVE = YES;
				CLANG_WARN_UNGUARDED_AVAILABILITY = YES_AGGRESSIVE;
				CLANG_WARN_UNREACHABLE_CODE = YES;
				CLANG_WARN__DUPLICATE_METHOD_MATCH = YES;
				COPY_PHASE_STRIP = NO;
				DEBUG_INFORMATION_FORMAT = "dwarf-with-dsym";
				ENABLE_NS_ASSERTIONS = NO;
				ENABLE_STRICT_OBJC_MSGSEND = YES;
				ENABLE_USER_SCRIPT_SANDBOXING = YES;
				GCC_C_LANGUAGE_STANDARD = gnu17;
				GCC_NO_COMMON_BLOCKS = YES;
				GCC_WARN_64_TO_32_BIT_CONVERSION = YES;
				GCC_WARN_ABOUT_RETURN_TYPE = YES_ERROR;
				GCC_WARN_UNDECLARED_SELECTOR = YES;
				GCC_WARN_UNINITIALIZED_AUTOS = YES_AGGRESSIVE;
				GCC_WARN_UNUSED_FUNCTION = YES;
				GCC_WARN_UNUSED_VARIABLE = YES;
				IPHONEOS_DEPLOYMENT_TARGET = 17.2;
				LOCALIZATION_PREFERS_STRING_CATALOGS = YES;
				MTL_ENABLE_DEBUG_INFO = NO;
				MTL_FAST_MATH = YES;
				SDKROOT = iphoneos;
				SWIFT_COMPILATION_MODE = wholemodule;
				VALIDATE_PRODUCT = YES;
			};
			name = Release;
		};
		61BB64532CDE796C00BA0BC5 /* Debug */ = {
			isa = XCBuildConfiguration;
			buildSettings = {
				ASSETCATALOG_COMPILER_APPICON_NAME = AppIcon;
				ASSETCATALOG_COMPILER_GLOBAL_ACCENT_COLOR_NAME = AccentColor;
				CODE_SIGN_ENTITLEMENTS = iPhoneLan/iPhoneLan.entitlements;
				CODE_SIGN_STYLE = Automatic;
				CURRENT_PROJECT_VERSION = 1;
				DEVELOPMENT_ASSET_PATHS = "\"iPhoneLan/Preview Content\"";
				DEVELOPMENT_TEAM = 734Q85AXZR;
				ENABLE_PREVIEWS = YES;
				GENERATE_INFOPLIST_FILE = YES;
				INFOPLIST_KEY_UIApplicationSceneManifest_Generation = YES;
				INFOPLIST_KEY_UIApplicationSupportsIndirectInputEvents = YES;
				INFOPLIST_KEY_UILaunchScreen_Generation = YES;
				INFOPLIST_KEY_UISupportedInterfaceOrientations_iPad = "UIInterfaceOrientationPortrait UIInterfaceOrientationPortraitUpsideDown UIInterfaceOrientationLandscapeLeft UIInterfaceOrientationLandscapeRight";
				INFOPLIST_KEY_UISupportedInterfaceOrientations_iPhone = "UIInterfaceOrientationPortrait UIInterfaceOrientationLandscapeLeft UIInterfaceOrientationLandscapeRight";
				LD_RUNPATH_SEARCH_PATHS = (
					"$(inherited)",
					"@executable_path/Frameworks",
				);
				MARKETING_VERSION = 1.0;
				PRODUCT_BUNDLE_IDENTIFIER = iPhoneLan;
				PRODUCT_NAME = "$(TARGET_NAME)";
				SWIFT_EMIT_LOC_STRINGS = YES;
				SWIFT_VERSION = 5.0;
				TARGETED_DEVICE_FAMILY = "1,2";
			};
			name = Debug;
		};
		61BB64542CDE796C00BA0BC5 /* Release */ = {
			isa = XCBuildConfiguration;
			buildSettings = {
				ASSETCATALOG_COMPILER_APPICON_NAME = AppIcon;
				ASSETCATALOG_COMPILER_GLOBAL_ACCENT_COLOR_NAME = AccentColor;
				CODE_SIGN_ENTITLEMENTS = iPhoneLan/iPhoneLan.entitlements;
				CODE_SIGN_STYLE = Automatic;
				CURRENT_PROJECT_VERSION = 1;
				DEVELOPMENT_ASSET_PATHS = "\"iPhoneLan/Preview Content\"";
				DEVELOPMENT_TEAM = 734Q85AXZR;
				ENABLE_PREVIEWS = YES;
				GENERATE_INFOPLIST_FILE = YES;
				INFOPLIST_KEY_UIApplicationSceneManifest_Generation = YES;
				INFOPLIST_KEY_UIApplicationSupportsIndirectInputEvents = YES;
				INFOPLIST_KEY_UILaunchScreen_Generation = YES;
				INFOPLIST_KEY_UISupportedInterfaceOrientations_iPad = "UIInterfaceOrientationPortrait UIInterfaceOrientationPortraitUpsideDown UIInterfaceOrientationLandscapeLeft UIInterfaceOrientationLandscapeRight";
				INFOPLIST_KEY_UISupportedInterfaceOrientations_iPhone = "UIInterfaceOrientationPortrait UIInterfaceOrientationLandscapeLeft UIInterfaceOrientationLandscapeRight";
				LD_RUNPATH_SEARCH_PATHS = (
					"$(inherited)",
					"@executable_path/Frameworks",
				);
				MARKETING_VERSION = 1.0;
				PRODUCT_BUNDLE_IDENTIFIER = iPhoneLan;
				PRODUCT_NAME = "$(TARGET_NAME)";
				SWIFT_EMIT_LOC_STRINGS = YES;
				SWIFT_VERSION = 5.0;
				TARGETED_DEVICE_FAMILY = "1,2";
			};
			name = Release;
		};
/* End XCBuildConfiguration section */

/* Begin XCConfigurationList section */
		61BB643F2CDE796900BA0BC5 /* Build configuration list for PBXProject "iPhoneLan" */ = {
			isa = XCConfigurationList;
			buildConfigurations = (
				61BB64502CDE796C00BA0BC5 /* Debug */,
				61BB64512CDE796C00BA0BC5 /* Release */,
			);
			defaultConfigurationIsVisible = 0;
			defaultConfigurationName = Release;
		};
		61BB64522CDE796C00BA0BC5 /* Build configuration list for PBXNativeTarget "iPhoneLan" */ = {
			isa = XCConfigurationList;
			buildConfigurations = (
				61BB64532CDE796C00BA0BC5 /* Debug */,
				61BB64542CDE796C00BA0BC5 /* Release */,
			);
			defaultConfigurationIsVisible = 0;
			defaultConfigurationName = Release;
		};
/* End XCConfigurationList section */
	};
	rootObject = 61BB643C2CDE796900BA0BC5 /* Project object */;
}
